
Microsoft Visual Studio Solution File, Format Version 12.00
# Visual Studio 15
VisualStudioVersion = 15.0.26124.0
MinimumVisualStudioVersion = 15.0.26124.0
Project("{FAE04EC0-301F-11D3-BF4B-00C04F79EFBC}") = "Model", "Model\Model.csproj", "{8B0ADB5D-C1A2-4A2C-AC27-9A1417749CB8}"
EndProject
Project("{FAE04EC0-301F-11D3-BF4B-00C04F79EFBC}") = "Website", "Website\Website.csproj", "{568F574D-BB0B-41A8-BD8C-D2A542320517}"
EndProject
Project("{FAE04EC0-301F-11D3-BF4B-00C04F79EFBC}") = "Trainer", "Trainer\Trainer.csproj", "{A670E2A4-F7F4-43B7-8542-DAD0163CCBFF}"
EndProject
Global
	GlobalSection(SolutionConfigurationPlatforms) = preSolution
		Debug|Any CPU = Debug|Any CPU
		Debug|x64 = Debug|x64
		Debug|x86 = Debug|x86
		Release|Any CPU = Release|Any CPU
		Release|x64 = Release|x64
		Release|x86 = Release|x86
	EndGlobalSection
	GlobalSection(SolutionProperties) = preSolution
		HideSolutionNode = FALSE
	EndGlobalSection
	GlobalSection(ProjectConfigurationPlatforms) = postSolution
		{8B0ADB5D-C1A2-4A2C-AC27-9A1417749CB8}.Debug|Any CPU.ActiveCfg = Debug|Any CPU
		{8B0ADB5D-C1A2-4A2C-AC27-9A1417749CB8}.Debug|Any CPU.Build.0 = Debug|Any CPU
		{8B0ADB5D-C1A2-4A2C-AC27-9A1417749CB8}.Debug|x64.ActiveCfg = Debug|Any CPU
		{8B0ADB5D-C1A2-4A2C-AC27-9A1417749CB8}.Debug|x64.Build.0 = Debug|Any CPU
		{8B0ADB5D-C1A2-4A2C-AC27-9A1417749CB8}.Debug|x86.ActiveCfg = Debug|Any CPU
		{8B0ADB5D-C1A2-4A2C-AC27-9A1417749CB8}.Debug|x86.Build.0 = Debug|Any CPU
		{8B0ADB5D-C1A2-4A2C-AC27-9A1417749CB8}.Release|Any CPU.ActiveCfg = Release|Any CPU
		{8B0ADB5D-C1A2-4A2C-AC27-9A1417749CB8}.Release|Any CPU.Build.0 = Release|Any CPU
		{8B0ADB5D-C1A2-4A2C-AC27-9A1417749CB8}.Release|x64.ActiveCfg = Release|Any CPU
		{8B0ADB5D-C1A2-4A2C-AC27-9A1417749CB8}.Release|x64.Build.0 = Release|Any CPU
		{8B0ADB5D-C1A2-4A2C-AC27-9A1417749CB8}.Release|x86.ActiveCfg = Release|Any CPU
		{8B0ADB5D-C1A2-4A2C-AC27-9A1417749CB8}.Release|x86.Build.0 = Release|Any CPU
		{568F574D-BB0B-41A8-BD8C-D2A542320517}.Debug|Any CPU.ActiveCfg = Debug|Any CPU
		{568F574D-BB0B-41A8-BD8C-D2A542320517}.Debug|Any CPU.Build.0 = Debug|Any CPU
		{568F574D-BB0B-41A8-BD8C-D2A542320517}.Debug|x64.ActiveCfg = Debug|Any CPU
		{568F574D-BB0B-41A8-BD8C-D2A542320517}.Debug|x64.Build.0 = Debug|Any CPU
		{568F574D-BB0B-41A8-BD8C-D2A542320517}.Debug|x86.ActiveCfg = Debug|Any CPU
		{568F574D-BB0B-41A8-BD8C-D2A542320517}.Debug|x86.Build.0 = Debug|Any CPU
		{568F574D-BB0B-41A8-BD8C-D2A542320517}.Release|Any CPU.ActiveCfg = Release|Any CPU
		{568F574D-BB0B-41A8-BD8C-D2A542320517}.Release|Any CPU.Build.0 = Release|Any CPU
		{568F574D-BB0B-41A8-BD8C-D2A542320517}.Release|x64.ActiveCfg = Release|Any CPU
		{568F574D-BB0B-41A8-BD8C-D2A542320517}.Release|x64.Build.0 = Release|Any CPU
		{568F574D-BB0B-41A8-BD8C-D2A542320517}.Release|x86.ActiveCfg = Release|Any CPU
		{568F574D-BB0B-41A8-BD8C-D2A542320517}.Release|x86.Build.0 = Release|Any CPU
		{A670E2A4-F7F4-43B7-8542-DAD0163CCBFF}.Debug|Any CPU.ActiveCfg = Debug|Any CPU
		{A670E2A4-F7F4-43B7-8542-DAD0163CCBFF}.Debug|Any CPU.Build.0 = Debug|Any CPU
		{A670E2A4-F7F4-43B7-8542-DAD0163CCBFF}.Debug|x64.ActiveCfg = Debug|Any CPU
		{A670E2A4-F7F4-43B7-8542-DAD0163CCBFF}.Debug|x64.Build.0 = Debug|Any CPU
		{A670E2A4-F7F4-43B7-8542-DAD0163CCBFF}.Debug|x86.ActiveCfg = Debug|Any CPU
		{A670E2A4-F7F4-43B7-8542-DAD0163CCBFF}.Debug|x86.Build.0 = Debug|Any CPU
		{A670E2A4-F7F4-43B7-8542-DAD0163CCBFF}.Release|Any CPU.ActiveCfg = Release|Any CPU
		{A670E2A4-F7F4-43B7-8542-DAD0163CCBFF}.Release|Any CPU.Build.0 = Release|Any CPU
		{A670E2A4-F7F4-43B7-8542-DAD0163CCBFF}.Release|x64.ActiveCfg = Release|Any CPU
		{A670E2A4-F7F4-43B7-8542-DAD0163CCBFF}.Release|x64.Build.0 = Release|Any CPU
		{A670E2A4-F7F4-43B7-8542-DAD0163CCBFF}.Release|x86.ActiveCfg = Release|Any CPU
		{A670E2A4-F7F4-43B7-8542-DAD0163CCBFF}.Release|x86.Build.0 = Release|Any CPU
	EndGlobalSection
EndGlobal
